
Microsoft Visual Studio Solution File, Format Version 12.00
# Visual Studio Version 17
VisualStudioVersion = 17.8.34330.188
MinimumVisualStudioVersion = 10.0.40219.1
Project("{FAE04EC0-301F-11D3-BF4B-00C04F79EFBC}") = "Webapp", "Webapp\Webapp.csproj", "{71D2780A-273D-430E-8AF4-FF7FAEDA162A}"
EndProject
Global
	GlobalSection(SolutionConfigurationPlatforms) = preSolution
		Debug|Any CPU = Debug|Any CPU
		Release|Any CPU = Release|Any CPU
	EndGlobalSection
	GlobalSection(ProjectConfigurationPlatforms) = postSolution
		{71D2780A-273D-430E-8AF4-FF7FAEDA162A}.Debug|Any CPU.ActiveCfg = Debug|Any CPU
		{71D2780A-273D-430E-8AF4-FF7FAEDA162A}.Debug|Any CPU.Build.0 = Debug|Any CPU
		{71D2780A-273D-430E-8AF4-FF7FAEDA162A}.Release|Any CPU.ActiveCfg = Release|Any CPU
		{71D2780A-273D-430E-8AF4-FF7FAEDA162A}.Release|Any CPU.Build.0 = Release|Any CPU
	EndGlobalSection
	GlobalSection(SolutionProperties) = preSolution
		HideSolutionNode = FALSE
	EndGlobalSection
	GlobalSection(ExtensibilityGlobals) = postSolution
		SolutionGuid = {B53C18F6-1C07-4D63-8F19-B06FCC2FA5E6}
	EndGlobalSection
EndGlobal
